
Microsoft Visual Studio Solution File, Format Version 12.00
# Visual Studio Version 16
VisualStudioVersion = 16.0.32106.194
MinimumVisualStudioVersion = 10.0.40219.1
Project("{FAE04EC0-301F-11D3-BF4B-00C04F79EFBC}") = "ExamQuestion", "ExamQuestion.csproj", "{04F52C20-EA59-4CE5-B196-50EE6046763B}"
EndProject
Global
	GlobalSection(SolutionConfigurationPlatforms) = preSolution
		Debug|Any CPU = Debug|Any CPU
		Release|Any CPU = Release|Any CPU
	EndGlobalSection
	GlobalSection(ProjectConfigurationPlatforms) = postSolution
		{04F52C20-EA59-4CE5-B196-50EE6046763B}.Debug|Any CPU.ActiveCfg = Debug|Any CPU
		{04F52C20-EA59-4CE5-B196-50EE6046763B}.Debug|Any CPU.Build.0 = Debug|Any CPU
		{04F52C20-EA59-4CE5-B196-50EE6046763B}.Release|Any CPU.ActiveCfg = Release|Any CPU
		{04F52C20-EA59-4CE5-B196-50EE6046763B}.Release|Any CPU.Build.0 = Release|Any CPU
	EndGlobalSection
	GlobalSection(SolutionProperties) = preSolution
		HideSolutionNode = FALSE
	EndGlobalSection
	GlobalSection(ExtensibilityGlobals) = postSolution
		SolutionGuid = {9CE9FEBF-E300-45B4-9F59-CC2F2C614546}
	EndGlobalSection
EndGlobal
